
Microsoft Visual Studio Solution File, Format Version 12.00
# Visual Studio Version 17
VisualStudioVersion = 17.7.34031.279
MinimumVisualStudioVersion = 10.0.40219.1
Project("{9A19103F-16F7-4668-BE54-9A1E7A4F7556}") = "PAI", "PAI\PAI.csproj", "{A87C6DE2-41C4-4BD3-B43F-4DCB82952AD2}"
EndProject
Project("{FAE04EC0-301F-11D3-BF4B-00C04F79EFBC}") = "PAI.Repository", "Repository\PAI.Repository.csproj", "{EAA874EB-7888-4D99-9CCD-F23729C0F5E0}"
EndProject
Project("{FAE04EC0-301F-11D3-BF4B-00C04F79EFBC}") = "PAI.Services", "Services\PAI.Services.csproj", "{A4D544CA-DBAB-469A-992E-829DC73FE483}"
EndProject
Project("{FAE04EC0-301F-11D3-BF4B-00C04F79EFBC}") = "PAI.Data", "Data\PAI.Data.csproj", "{3F490A75-D54C-44CC-BDC8-FC4FF19DF151}"
EndProject
Project("{FAE04EC0-301F-11D3-BF4B-00C04F79EFBC}") = "PAI.Common", "Common\PAI.Common.csproj", "{4283EDB6-4652-4E08-B4D6-3F3FAF2791A3}"
EndProject
Global
	GlobalSection(SolutionConfigurationPlatforms) = preSolution
		Debug|Any CPU = Debug|Any CPU
		Release|Any CPU = Release|Any CPU
	EndGlobalSection
	GlobalSection(ProjectConfigurationPlatforms) = postSolution
		{A87C6DE2-41C4-4BD3-B43F-4DCB82952AD2}.Debug|Any CPU.ActiveCfg = Debug|Any CPU
		{A87C6DE2-41C4-4BD3-B43F-4DCB82952AD2}.Debug|Any CPU.Build.0 = Debug|Any CPU
		{A87C6DE2-41C4-4BD3-B43F-4DCB82952AD2}.Release|Any CPU.ActiveCfg = Release|Any CPU
		{A87C6DE2-41C4-4BD3-B43F-4DCB82952AD2}.Release|Any CPU.Build.0 = Release|Any CPU
		{EAA874EB-7888-4D99-9CCD-F23729C0F5E0}.Debug|Any CPU.ActiveCfg = Debug|Any CPU
		{EAA874EB-7888-4D99-9CCD-F23729C0F5E0}.Debug|Any CPU.Build.0 = Debug|Any CPU
		{EAA874EB-7888-4D99-9CCD-F23729C0F5E0}.Release|Any CPU.ActiveCfg = Release|Any CPU
		{EAA874EB-7888-4D99-9CCD-F23729C0F5E0}.Release|Any CPU.Build.0 = Release|Any CPU
		{A4D544CA-DBAB-469A-992E-829DC73FE483}.Debug|Any CPU.ActiveCfg = Debug|Any CPU
		{A4D544CA-DBAB-469A-992E-829DC73FE483}.Debug|Any CPU.Build.0 = Debug|Any CPU
		{A4D544CA-DBAB-469A-992E-829DC73FE483}.Release|Any CPU.ActiveCfg = Release|Any CPU
		{A4D544CA-DBAB-469A-992E-829DC73FE483}.Release|Any CPU.Build.0 = Release|Any CPU
		{3F490A75-D54C-44CC-BDC8-FC4FF19DF151}.Debug|Any CPU.ActiveCfg = Debug|Any CPU
		{3F490A75-D54C-44CC-BDC8-FC4FF19DF151}.Debug|Any CPU.Build.0 = Debug|Any CPU
		{3F490A75-D54C-44CC-BDC8-FC4FF19DF151}.Release|Any CPU.ActiveCfg = Release|Any CPU
		{3F490A75-D54C-44CC-BDC8-FC4FF19DF151}.Release|Any CPU.Build.0 = Release|Any CPU
		{4283EDB6-4652-4E08-B4D6-3F3FAF2791A3}.Debug|Any CPU.ActiveCfg = Debug|Any CPU
		{4283EDB6-4652-4E08-B4D6-3F3FAF2791A3}.Debug|Any CPU.Build.0 = Debug|Any CPU
		{4283EDB6-4652-4E08-B4D6-3F3FAF2791A3}.Release|Any CPU.ActiveCfg = Release|Any CPU
		{4283EDB6-4652-4E08-B4D6-3F3FAF2791A3}.Release|Any CPU.Build.0 = Release|Any CPU
	EndGlobalSection
	GlobalSection(SolutionProperties) = preSolution
		HideSolutionNode = FALSE
	EndGlobalSection
	GlobalSection(ExtensibilityGlobals) = postSolution
		SolutionGuid = {F5DE4551-FD58-4D9F-BF2E-D8B545DD73F7}
	EndGlobalSection
EndGlobal
